
Microsoft Visual Studio Solution File, Format Version 12.00
# Visual Studio Version 17
VisualStudioVersion = 17.0.31912.275
MinimumVisualStudioVersion = 10.0.40219.1
Project("{FAE04EC0-301F-11D3-BF4B-00C04F79EFBC}") = "WebNSwag.Sample", "WebNSwag.Sample\WebNSwag.Sample.csproj", "{76CCC1E6-00EA-4ECA-89AB-D27634404F54}"
EndProject
Project("{FAE04EC0-301F-11D3-BF4B-00C04F79EFBC}") = "ConsoleNSwag", "ConsoleNSwag\ConsoleNSwag.csproj", "{64021A25-C17E-443A-8E77-FF144A92B5CE}"
EndProject
Global
	GlobalSection(SolutionConfigurationPlatforms) = preSolution
		Debug|Any CPU = Debug|Any CPU
		Release|Any CPU = Release|Any CPU
	EndGlobalSection
	GlobalSection(ProjectConfigurationPlatforms) = postSolution
		{76CCC1E6-00EA-4ECA-89AB-D27634404F54}.Debug|Any CPU.ActiveCfg = Debug|Any CPU
		{76CCC1E6-00EA-4ECA-89AB-D27634404F54}.Debug|Any CPU.Build.0 = Debug|Any CPU
		{76CCC1E6-00EA-4ECA-89AB-D27634404F54}.Release|Any CPU.ActiveCfg = Release|Any CPU
		{76CCC1E6-00EA-4ECA-89AB-D27634404F54}.Release|Any CPU.Build.0 = Release|Any CPU
		{64021A25-C17E-443A-8E77-FF144A92B5CE}.Debug|Any CPU.ActiveCfg = Debug|Any CPU
		{64021A25-C17E-443A-8E77-FF144A92B5CE}.Debug|Any CPU.Build.0 = Debug|Any CPU
		{64021A25-C17E-443A-8E77-FF144A92B5CE}.Release|Any CPU.ActiveCfg = Release|Any CPU
		{64021A25-C17E-443A-8E77-FF144A92B5CE}.Release|Any CPU.Build.0 = Release|Any CPU
	EndGlobalSection
	GlobalSection(SolutionProperties) = preSolution
		HideSolutionNode = FALSE
	EndGlobalSection
	GlobalSection(ExtensibilityGlobals) = postSolution
		SolutionGuid = {46EE6EA6-CB1A-4AB0-A465-38D2F794EA05}
	EndGlobalSection
EndGlobal
